
Microsoft Visual Studio Solution File, Format Version 12.00
# Visual Studio Version 17
VisualStudioVersion = 17.8.34525.116
MinimumVisualStudioVersion = 10.0.40219.1
Project("{9A19103F-16F7-4668-BE54-9A1E7A4F7556}") = "MauiPrismDialogErrorDemoApp", "MauiPrismDialogErrorDemoApp\MauiPrismDialogErrorDemoApp.csproj", "{4EF69384-5A94-41BB-88DF-CEA0D524ED5D}"
EndProject
Global
	GlobalSection(SolutionConfigurationPlatforms) = preSolution
		Debug|Any CPU = Debug|Any CPU
		Release|Any CPU = Release|Any CPU
	EndGlobalSection
	GlobalSection(ProjectConfigurationPlatforms) = postSolution
		{4EF69384-5A94-41BB-88DF-CEA0D524ED5D}.Debug|Any CPU.ActiveCfg = Debug|Any CPU
		{4EF69384-5A94-41BB-88DF-CEA0D524ED5D}.Debug|Any CPU.Build.0 = Debug|Any CPU
		{4EF69384-5A94-41BB-88DF-CEA0D524ED5D}.Debug|Any CPU.Deploy.0 = Debug|Any CPU
		{4EF69384-5A94-41BB-88DF-CEA0D524ED5D}.Release|Any CPU.ActiveCfg = Release|Any CPU
		{4EF69384-5A94-41BB-88DF-CEA0D524ED5D}.Release|Any CPU.Build.0 = Release|Any CPU
		{4EF69384-5A94-41BB-88DF-CEA0D524ED5D}.Release|Any CPU.Deploy.0 = Release|Any CPU
	EndGlobalSection
	GlobalSection(SolutionProperties) = preSolution
		HideSolutionNode = FALSE
	EndGlobalSection
	GlobalSection(ExtensibilityGlobals) = postSolution
		SolutionGuid = {C012148A-D672-4B58-81C3-3B44AA4B0C3B}
	EndGlobalSection
EndGlobal
